
Microsoft Visual Studio Solution File, Format Version 12.00
# Visual Studio 2012
Project("{FAE04EC0-301F-11D3-BF4B-00C04F79EFBC}") = "EditorEstilado", "Win_EditorDeTextos2\EditorEstilado.csproj", "{D6B19398-5FC2-43BC-9FF5-1C47AC383DD1}"
EndProject
Global
	GlobalSection(SolutionConfigurationPlatforms) = preSolution
		Debug|Any CPU = Debug|Any CPU
		Release|Any CPU = Release|Any CPU
	EndGlobalSection
	GlobalSection(ProjectConfigurationPlatforms) = postSolution
		{D6B19398-5FC2-43BC-9FF5-1C47AC383DD1}.Debug|Any CPU.ActiveCfg = Debug|Any CPU
		{D6B19398-5FC2-43BC-9FF5-1C47AC383DD1}.Debug|Any CPU.Build.0 = Debug|Any CPU
		{D6B19398-5FC2-43BC-9FF5-1C47AC383DD1}.Release|Any CPU.ActiveCfg = Release|Any CPU
		{D6B19398-5FC2-43BC-9FF5-1C47AC383DD1}.Release|Any CPU.Build.0 = Release|Any CPU
	EndGlobalSection
	GlobalSection(SolutionProperties) = preSolution
		HideSolutionNode = FALSE
	EndGlobalSection
EndGlobal
